<Solution>
  <Folder Name="/External/">
    <Project Path="../WebServiceClient/Src/WebServiceClientShare/WebServiceClientShare.shproj" />
  </Folder>
  <Folder Name="/Src/">
    <Project Path="Src/ArtifactoryWebApi80/ArtifactoryWebApi80.csproj" />
    <Project Path="Src/ArtifactoryWebApi90/ArtifactoryWebApi90.csproj" />
    <Project Path="Src/ArtifactoryWebApiShare/ArtifactoryWebApiShare.shproj" />
  </Folder>
  <Folder Name="/Test/">
    <Project Path="Test/ArtifactoryWebApiUnitTest80/ArtifactoryWebApiUnitTest80.csproj" />
    <Project Path="Test/ArtifactoryWebApiUnitTest90/ArtifactoryWebApiUnitTest90.csproj" />
    <Project Path="Test/ArtifactoryWebApiUnitTestShare/ArtifactoryWebApiUnitTestShare.shproj" />
  </Folder>
</Solution>
